Microsoft Visual Studio Solution File, Format Version 12.00
# Visual Studio Version 17
VisualStudioVersion = 17.5.2.0
MinimumVisualStudioVersion = 10.0.40219.1
Project("{FAE04EC0-301F-11D3-BF4B-00C04F79EFBC}") = "3d-print-console-dotnet", "3d-print-console-dotnet.csproj", "{02BE4906-83E4-306F-E586-9A42E467EB74}"
EndProject
Global
	GlobalSection(SolutionConfigurationPlatforms) = preSolution
		Debug|Any CPU = Debug|Any CPU
		Release|Any CPU = Release|Any CPU
	EndGlobalSection
	GlobalSection(ProjectConfigurationPlatforms) = postSolution
		{02BE4906-83E4-306F-E586-9A42E467EB74}.Debug|Any CPU.ActiveCfg = Debug|Any CPU
		{02BE4906-83E4-306F-E586-9A42E467EB74}.Debug|Any CPU.Build.0 = Debug|Any CPU
		{02BE4906-83E4-306F-E586-9A42E467EB74}.Release|Any CPU.ActiveCfg = Release|Any CPU
		{02BE4906-83E4-306F-E586-9A42E467EB74}.Release|Any CPU.Build.0 = Release|Any CPU
	EndGlobalSection
	GlobalSection(SolutionProperties) = preSolution
		HideSolutionNode = FALSE
	EndGlobalSection
	GlobalSection(ExtensibilityGlobals) = postSolution
		SolutionGuid = {6DDF12AE-7B54-4C30-A844-BB535A0CE5A7}
	EndGlobalSection
EndGlobal
